
Microsoft Visual Studio Solution File, Format Version 12.00
# Visual Studio 15
VisualStudioVersion = 15.0.26403.3
MinimumVisualStudioVersion = 10.0.40219.1
Project("{9A19103F-16F7-4668-BE54-9A1E7A4F7556}") = "FluentMigrator.NHibernate", "FluentMigrator.NHibernate\FluentMigrator.NHibernate.csproj", "{78FA5983-E40C-4AE7-AD27-A83F0A096375}"
EndProject
Project("{9A19103F-16F7-4668-BE54-9A1E7A4F7556}") = "dotnet-nh", "dotnet-nh\dotnet-nh.csproj", "{65E9D761-9513-44F5-8C8F-EF1B9E0B6CF4}"
EndProject
Project("{9A19103F-16F7-4668-BE54-9A1E7A4F7556}") = "ClassLibrary1", "ClassLibrary1\ClassLibrary1.csproj", "{E5A53CC6-99EE-4EE5-8E1F-3E0B180056D8}"
EndProject
Global
	GlobalSection(SolutionConfigurationPlatforms) = preSolution
		Debug|Any CPU = Debug|Any CPU
		Release|Any CPU = Release|Any CPU
	EndGlobalSection
	GlobalSection(ProjectConfigurationPlatforms) = postSolution
		{78FA5983-E40C-4AE7-AD27-A83F0A096375}.Debug|Any CPU.ActiveCfg = Debug|Any CPU
		{78FA5983-E40C-4AE7-AD27-A83F0A096375}.Debug|Any CPU.Build.0 = Debug|Any CPU
		{78FA5983-E40C-4AE7-AD27-A83F0A096375}.Release|Any CPU.ActiveCfg = Release|Any CPU
		{78FA5983-E40C-4AE7-AD27-A83F0A096375}.Release|Any CPU.Build.0 = Release|Any CPU
		{65E9D761-9513-44F5-8C8F-EF1B9E0B6CF4}.Debug|Any CPU.ActiveCfg = Debug|Any CPU
		{65E9D761-9513-44F5-8C8F-EF1B9E0B6CF4}.Debug|Any CPU.Build.0 = Debug|Any CPU
		{65E9D761-9513-44F5-8C8F-EF1B9E0B6CF4}.Release|Any CPU.ActiveCfg = Release|Any CPU
		{65E9D761-9513-44F5-8C8F-EF1B9E0B6CF4}.Release|Any CPU.Build.0 = Release|Any CPU
		{E5A53CC6-99EE-4EE5-8E1F-3E0B180056D8}.Debug|Any CPU.ActiveCfg = Debug|Any CPU
		{E5A53CC6-99EE-4EE5-8E1F-3E0B180056D8}.Debug|Any CPU.Build.0 = Debug|Any CPU
		{E5A53CC6-99EE-4EE5-8E1F-3E0B180056D8}.Release|Any CPU.ActiveCfg = Release|Any CPU
		{E5A53CC6-99EE-4EE5-8E1F-3E0B180056D8}.Release|Any CPU.Build.0 = Release|Any CPU
	EndGlobalSection
	GlobalSection(SolutionProperties) = preSolution
		HideSolutionNode = FALSE
	EndGlobalSection
EndGlobal
